
Microsoft Visual Studio Solution File, Format Version 12.00
# Visual Studio Version 16
VisualStudioVersion = 16.0.29709.97
MinimumVisualStudioVersion = 10.0.40219.1
Project("{FAE04EC0-301F-11D3-BF4B-00C04F79EFBC}") = "BooksApi", "BooksApi.csproj", "{D3712C4C-C94B-42FF-8931-6D7D6E203F45}"
EndProject
Global
	GlobalSection(SolutionConfigurationPlatforms) = preSolution
		Debug|Any CPU = Debug|Any CPU
		Release|Any CPU = Release|Any CPU
	EndGlobalSection
	GlobalSection(ProjectConfigurationPlatforms) = postSolution
		{D3712C4C-C94B-42FF-8931-6D7D6E203F45}.Debug|Any CPU.ActiveCfg = Debug|Any CPU
		{D3712C4C-C94B-42FF-8931-6D7D6E203F45}.Debug|Any CPU.Build.0 = Debug|Any CPU
		{D3712C4C-C94B-42FF-8931-6D7D6E203F45}.Release|Any CPU.ActiveCfg = Release|Any CPU
		{D3712C4C-C94B-42FF-8931-6D7D6E203F45}.Release|Any CPU.Build.0 = Release|Any CPU
	EndGlobalSection
	GlobalSection(SolutionProperties) = preSolution
		HideSolutionNode = FALSE
	EndGlobalSection
	GlobalSection(ExtensibilityGlobals) = postSolution
		SolutionGuid = {3E3DC82D-64E2-441F-AA1A-C7600FE75EFE}
	EndGlobalSection
EndGlobal
